
Microsoft Visual Studio Solution File, Format Version 12.00
# Visual Studio Version 16
VisualStudioVersion = 16.0.31702.278
MinimumVisualStudioVersion = 10.0.40219.1
Project("{9A19103F-16F7-4668-BE54-9A1E7A4F7556}") = "WebApp", "WebApp\WebApp.csproj", "{59A677E0-DD28-406F-A927-1AD92FA10C98}"
EndProject
Project("{9A19103F-16F7-4668-BE54-9A1E7A4F7556}") = "WestWind.App", "WestWind.App\WestWind.App.csproj", "{D362EA01-0DA9-4902-82D5-5DFC37ACF656}"
EndProject
Global
	GlobalSection(SolutionConfigurationPlatforms) = preSolution
		Debug|Any CPU = Debug|Any CPU
		Release|Any CPU = Release|Any CPU
	EndGlobalSection
	GlobalSection(ProjectConfigurationPlatforms) = postSolution
		{59A677E0-DD28-406F-A927-1AD92FA10C98}.Debug|Any CPU.ActiveCfg = Debug|Any CPU
		{59A677E0-DD28-406F-A927-1AD92FA10C98}.Debug|Any CPU.Build.0 = Debug|Any CPU
		{59A677E0-DD28-406F-A927-1AD92FA10C98}.Release|Any CPU.ActiveCfg = Release|Any CPU
		{59A677E0-DD28-406F-A927-1AD92FA10C98}.Release|Any CPU.Build.0 = Release|Any CPU
		{D362EA01-0DA9-4902-82D5-5DFC37ACF656}.Debug|Any CPU.ActiveCfg = Debug|Any CPU
		{D362EA01-0DA9-4902-82D5-5DFC37ACF656}.Debug|Any CPU.Build.0 = Debug|Any CPU
		{D362EA01-0DA9-4902-82D5-5DFC37ACF656}.Release|Any CPU.ActiveCfg = Release|Any CPU
		{D362EA01-0DA9-4902-82D5-5DFC37ACF656}.Release|Any CPU.Build.0 = Release|Any CPU
	EndGlobalSection
	GlobalSection(SolutionProperties) = preSolution
		HideSolutionNode = FALSE
	EndGlobalSection
	GlobalSection(ExtensibilityGlobals) = postSolution
		SolutionGuid = {8B622624-1990-4E61-B851-D8A28BFF977D}
	EndGlobalSection
EndGlobal
